// !$*UTF8*$!
{
	archiveVersion = 1;
	classes = {
	};
	objectVersion = 56;
	objects = {

/* Begin PBXBuildFile section */
		37006E2829943F5C003CB867 /* AppDelegate.swift in Sources */ = {isa = PBXBuildFile; fileRef = 37006E2729943F5C003CB867 /* AppDelegate.swift */; };
		37006E2A29943F5C003CB867 /* SceneDelegate.swift in Sources */ = {isa = PBXBuildFile; fileRef = 37006E2929943F5C003CB867 /* SceneDelegate.swift */; };
		37006E2F29943F5C003CB867 /* Main.storyboard in Resources */ = {isa = PBXBuildFile; fileRef = 37006E2D29943F5C003CB867 /* Main.storyboard */; };
		37006E3129943F5E003CB867 /* Assets.xcassets in Resources */ = {isa = PBXBuildFile; fileRef = 37006E3029943F5E003CB867 /* Assets.xcassets */; };
		37006E3429943F5E003CB867 /* LaunchScreen.storyboard in Resources */ = {isa = PBXBuildFile; fileRef = 37006E3229943F5E003CB867 /* LaunchScreen.storyboard */; };
		37006E47299440E4003CB867 /* ProductModel.swift in Sources */ = {isa = PBXBuildFile; fileRef = 37006E46299440E4003CB867 /* ProductModel.swift */; };
		37006E4929944190003CB867 /* HttpManager.swift in Sources */ = {isa = PBXBuildFile; fileRef = 37006E4829944190003CB867 /* HttpManager.swift */; };
		37006E4B29944461003CB867 /* Constant.swift in Sources */ = {isa = PBXBuildFile; fileRef = 37006E4A29944461003CB867 /* Constant.swift */; };
		37006E4D29944CF9003CB867 /* ProductListViewController.swift in Sources */ = {isa = PBXBuildFile; fileRef = 37006E4C29944CF9003CB867 /* ProductListViewController.swift */; };
		37006E4F29944DE4003CB867 /* ProductViewModel.swift in Sources */ = {isa = PBXBuildFile; fileRef = 37006E4E29944DE4003CB867 /* ProductViewModel.swift */; };
		3779A34D299FFE1B0074D959 /* ProductCell.swift in Sources */ = {isa = PBXBuildFile; fileRef = 3779A34B299FFE1B0074D959 /* ProductCell.swift */; };
		3779A34E299FFE1B0074D959 /* ProductCell.xib in Resources */ = {isa = PBXBuildFile; fileRef = 3779A34C299FFE1B0074D959 /* ProductCell.xib */; };
		3779A35129A00BBE0074D959 /* Kingfisher in Frameworks */ = {isa = PBXBuildFile; productRef = 3779A35029A00BBE0074D959 /* Kingfisher */; };
		3779A35329A00BEF0074D959 /* UIImageView + Extensions.swift in Sources */ = {isa = PBXBuildFile; fileRef = 3779A35229A00BEF0074D959 /* UIImageView + Extensions.swift */; };
		3779A35629A0145D0074D959 /* EndPointType.swift in Sources */ = {isa = PBXBuildFile; fileRef = 3779A35529A0145D0074D959 /* EndPointType.swift */; };
/* End PBXBuildFile section */

/* Begin PBXFileReference section */
		37006E2429943F5C003CB867 /* YoutubeMVVM.app */ = {isa = PBXFileReference; explicitFileType = wrapper.application; includeInIndex = 0; path = YoutubeMVVM.app; sourceTree = BUILT_PRODUCTS_DIR; };
		37006E2729943F5C003CB867 /* AppDelegate.swift */ = {isa = PBXFileReference; lastKnownFileType = sourcecode.swift; path = AppDelegate.swift; sourceTree = "<group>"; };
		37006E2929943F5C003CB867 /* SceneDelegate.swift */ = {isa = PBXFileReference; lastKnownFileType = sourcecode.swift; path = SceneDelegate.swift; sourceTree = "<group>"; };
		37006E2E29943F5C003CB867 /* Base */ = {isa = PBXFileReference; lastKnownFileType = file.storyboard; name = Base; path = Base.lproj/Main.storyboard; sourceTree = "<group>"; };
		37006E3029943F5E003CB867 /* Assets.xcassets */ = {isa = PBXFileReference; lastKnownFileType = folder.assetcatalog; path = Assets.xcassets; sourceTree = "<group>"; };
		37006E3329943F5E003CB867 /* Base */ = {isa = PBXFileReference; lastKnownFileType = file.storyboard; name = Base; path = Base.lproj/LaunchScreen.storyboard; sourceTree = "<group>"; };
		37006E3529943F5E003CB867 /* Info.plist */ = {isa = PBXFileReference; lastKnownFileType = text.plist.xml; path = Info.plist; sourceTree = "<group>"; };
		37006E46299440E4003CB867 /* ProductModel.swift */ = {isa = PBXFileReference; lastKnownFileType = sourcecode.swift; path = ProductModel.swift; sourceTree = "<group>"; };
		37006E4829944190003CB867 /* HttpManager.swift */ = {isa = PBXFileReference; lastKnownFileType = sourcecode.swift; path = HttpManager.swift; sourceTree = "<group>"; };
		37006E4A29944461003CB867 /* Constant.swift */ = {isa = PBXFileReference; lastKnownFileType = sourcecode.swift; path = Constant.swift; sourceTree = "<group>"; };
		37006E4C29944CF9003CB867 /* ProductListViewController.swift */ = {isa = PBXFileReference; lastKnownFileType = sourcecode.swift; path = ProductListViewController.swift; sourceTree = "<group>"; };
		37006E4E29944DE4003CB867 /* ProductViewModel.swift */ = {isa = PBXFileReference; lastKnownFileType = sourcecode.swift; path = ProductViewModel.swift; sourceTree = "<group>"; };
		3779A34B299FFE1B0074D959 /* ProductCell.swift */ = {isa = PBXFileReference; lastKnownFileType = sourcecode.swift; path = ProductCell.swift; sourceTree = "<group>"; };
		3779A34C299FFE1B0074D959 /* ProductCell.xib */ = {isa = PBXFileReference; lastKnownFileType = file.xib; path = ProductCell.xib; sourceTree = "<group>"; };
		3779A35229A00BEF0074D959 /* UIImageView + Extensions.swift */ = {isa = PBXFileReference; lastKnownFileType = sourcecode.swift; path = "UIImageView + Extensions.swift"; sourceTree = "<group>"; };
		3779A35529A0145D0074D959 /* EndPointType.swift */ = {isa = PBXFileReference; lastKnownFileType = sourcecode.swift; path = EndPointType.swift; sourceTree = "<group>"; };
/* End PBXFileReference section */

/* Begin PBXFrameworksBuildPhase section */
		37006E2129943F5C003CB867 /* Frameworks */ = {
			isa = PBXFrameworksBuildPhase;
			buildActionMask = 2147483647;
			files = (
				3779A35129A00BBE0074D959 /* Kingfisher in Frameworks */,
			);
			runOnlyForDeploymentPostprocessing = 0;
		};
/* End PBXFrameworksBuildPhase section */

/* Begin PBXGroup section */
		37006E1B29943F5C003CB867 = {
			isa = PBXGroup;
			children = (
				37006E2629943F5C003CB867 /* YoutubeMVVM */,
				37006E2529943F5C003CB867 /* Products */,
			);
			sourceTree = "<group>";
		};
		37006E2529943F5C003CB867 /* Products */ = {
			isa = PBXGroup;
			children = (
				37006E2429943F5C003CB867 /* YoutubeMVVM.app */,
			);
			name = Products;
			sourceTree = "<group>";
		};
		37006E2629943F5C003CB867 /* YoutubeMVVM */ = {
			isa = PBXGroup;
			children = (
				37006E4129943FA4003CB867 /* Application */,
				37006E3F29943F9A003CB867 /* Constants */,
				37006E4029943F9D003CB867 /* Extensions */,
				3779A35429A014440074D959 /* Utitlity */,
				37006E3E29943F91003CB867 /* Helper */,
				37006E3D29943F8E003CB867 /* Screens */,
				37006E3C29943F8C003CB867 /* Storyboard */,
				37006E3B29943F88003CB867 /* Resources */,
				37006E3029943F5E003CB867 /* Assets.xcassets */,
				37006E3529943F5E003CB867 /* Info.plist */,
			);
			path = YoutubeMVVM;
			sourceTree = "<group>";
		};
		37006E3B29943F88003CB867 /* Resources */ = {
			isa = PBXGroup;
			children = (
			);
			path = Resources;
			sourceTree = "<group>";
		};
		37006E3C29943F8C003CB867 /* Storyboard */ = {
			isa = PBXGroup;
			children = (
				37006E2D29943F5C003CB867 /* Main.storyboard */,
				37006E3229943F5E003CB867 /* LaunchScreen.storyboard */,
			);
			path = Storyboard;
			sourceTree = "<group>";
		};
		37006E3D29943F8E003CB867 /* Screens */ = {
			isa = PBXGroup;
			children = (
				37006E4229944022003CB867 /* Product */,
			);
			path = Screens;
			sourceTree = "<group>";
		};
		37006E3E29943F91003CB867 /* Helper */ = {
			isa = PBXGroup;
			children = (
				37006E4829944190003CB867 /* HttpManager.swift */,
			);
			path = Helper;
			sourceTree = "<group>";
		};
		37006E3F29943F9A003CB867 /* Constants */ = {
			isa = PBXGroup;
			children = (
				37006E4A29944461003CB867 /* Constant.swift */,
			);
			path = Constants;
			sourceTree = "<group>";
		};
		37006E4029943F9D003CB867 /* Extensions */ = {
			isa = PBXGroup;
			children = (
				3779A35229A00BEF0074D959 /* UIImageView + Extensions.swift */,
			);
			path = Extensions;
			sourceTree = "<group>";
		};
		37006E4129943FA4003CB867 /* Application */ = {
			isa = PBXGroup;
			children = (
				37006E2729943F5C003CB867 /* AppDelegate.swift */,
				37006E2929943F5C003CB867 /* SceneDelegate.swift */,
			);
			path = Application;
			sourceTree = "<group>";
		};
		37006E4229944022003CB867 /* Product */ = {
			isa = PBXGroup;
			children = (
				37006E452994403D003CB867 /* Model */,
				37006E442994403B003CB867 /* View */,
				37006E4329944037003CB867 /* ViewModel */,
			);
			path = Product;
			sourceTree = "<group>";
		};
		37006E4329944037003CB867 /* ViewModel */ = {
			isa = PBXGroup;
			children = (
				37006E4E29944DE4003CB867 /* ProductViewModel.swift */,
			);
			path = ViewModel;
			sourceTree = "<group>";
		};
		37006E442994403B003CB867 /* View */ = {
			isa = PBXGroup;
			children = (
				37006E4C29944CF9003CB867 /* ProductListViewController.swift */,
				3779A34B299FFE1B0074D959 /* ProductCell.swift */,
				3779A34C299FFE1B0074D959 /* ProductCell.xib */,
			);
			path = View;
			sourceTree = "<group>";
		};
		37006E452994403D003CB867 /* Model */ = {
			isa = PBXGroup;
			children = (
				37006E46299440E4003CB867 /* ProductModel.swift */,
			);
			path = Model;
			sourceTree = "<group>";
		};
		3779A35429A014440074D959 /* Utitlity */ = {
			isa = PBXGroup;
			children = (
				3779A35529A0145D0074D959 /* EndPointType.swift */,
			);
			path = Utitlity;
			sourceTree = "<group>";
		};
/* End PBXGroup section */

/* Begin PBXNativeTarget section */
		37006E2329943F5C003CB867 /* YoutubeMVVM */ = {
			isa = PBXNativeTarget;
			buildConfigurationList = 37006E3829943F5E003CB867 /* Build configuration list for PBXNativeTarget "YoutubeMVVM" */;
			buildPhases = (
				37006E2029943F5C003CB867 /* Sources */,
				37006E2129943F5C003CB867 /* Frameworks */,
				37006E2229943F5C003CB867 /* Resources */,
			);
			buildRules = (
			);
			dependencies = (
			);
			name = YoutubeMVVM;
			packageProductDependencies = (
				3779A35029A00BBE0074D959 /* Kingfisher */,
			);
			productName = YoutubeMVVM;
			productReference = 37006E2429943F5C003CB867 /* YoutubeMVVM.app */;
			productType = "com.apple.product-type.application";
		};
/* End PBXNativeTarget section */

/* Begin PBXProject section */
		37006E1C29943F5C003CB867 /* Project object */ = {
			isa = PBXProject;
			attributes = {
				BuildIndependentTargetsInParallel = 1;
				LastSwiftUpdateCheck = 1420;
				LastUpgradeCheck = 1420;
				TargetAttributes = {
					37006E2329943F5C003CB867 = {
						CreatedOnToolsVersion = 14.2;
					};
				};
			};
			buildConfigurationList = 37006E1F29943F5C003CB867 /* Build configuration list for PBXProject "YoutubeMVVM" */;
			compatibilityVersion = "Xcode 14.0";
			developmentRegion = en;
			hasScannedForEncodings = 0;
			knownRegions = (
				en,
				Base,
			);
			mainGroup = 37006E1B29943F5C003CB867;
			packageReferences = (
				3779A34F29A00BBE0074D959 /* XCRemoteSwiftPackageReference "Kingfisher" */,
			);
			productRefGroup = 37006E2529943F5C003CB867 /* Products */;
			projectDirPath = "";
			projectRoot = "";
			targets = (
				37006E2329943F5C003CB867 /* YoutubeMVVM */,
			);
		};
/* End PBXProject section */

/* Begin PBXResourcesBuildPhase section */
		37006E2229943F5C003CB867 /* Resources */ = {
			isa = PBXResourcesBuildPhase;
			buildActionMask = 2147483647;
			files = (
				37006E3429943F5E003CB867 /* LaunchScreen.storyboard in Resources */,
				3779A34E299FFE1B0074D959 /* ProductCell.xib in Resources */,
				37006E3129943F5E003CB867 /* Assets.xcassets in Resources */,
				37006E2F29943F5C003CB867 /* Main.storyboard in Resources */,
			);
			runOnlyForDeploymentPostprocessing = 0;
		};
/* End PBXResourcesBuildPhase section */

/* Begin PBXSourcesBuildPhase section */
		37006E2029943F5C003CB867 /* Sources */ = {
			isa = PBXSourcesBuildPhase;
			buildActionMask = 2147483647;
			files = (
				37006E4F29944DE4003CB867 /* ProductViewModel.swift in Sources */,
				37006E2829943F5C003CB867 /* AppDelegate.swift in Sources */,
				37006E47299440E4003CB867 /* ProductModel.swift in Sources */,
				37006E4B29944461003CB867 /* Constant.swift in Sources */,
				37006E2A29943F5C003CB867 /* SceneDelegate.swift in Sources */,
				3779A35329A00BEF0074D959 /* UIImageView + Extensions.swift in Sources */,
				3779A34D299FFE1B0074D959 /* ProductCell.swift in Sources */,
				37006E4D29944CF9003CB867 /* ProductListViewController.swift in Sources */,
				3779A35629A0145D0074D959 /* EndPointType.swift in Sources */,
				37006E4929944190003CB867 /* HttpManager.swift in Sources */,
			);
			runOnlyForDeploymentPostprocessing = 0;
		};
/* End PBXSourcesBuildPhase section */

/* Begin PBXVariantGroup section */
		37006E2D29943F5C003CB867 /* Main.storyboard */ = {
			isa = PBXVariantGroup;
			children = (
				37006E2E29943F5C003CB867 /* Base */,
			);
			name = Main.storyboard;
			sourceTree = "<group>";
		};
		37006E3229943F5E003CB867 /* LaunchScreen.storyboard */ = {
			isa = PBXVariantGroup;
			children = (
				37006E3329943F5E003CB867 /* Base */,
			);
			name = LaunchScreen.storyboard;
			sourceTree = "<group>";
		};
/* End PBXVariantGroup section */

/* Begin XCBuildConfiguration section */
		37006E3629943F5E003CB867 /* Debug */ = {
			isa = XCBuildConfiguration;
			buildSettings = {
				ALWAYS_SEARCH_USER_PATHS = NO;
				CLANG_ANALYZER_NONNULL = YES;
				CLANG_ANALYZER_NUMBER_OBJECT_CONVERSION = YES_AGGRESSIVE;
				CLANG_CXX_LANGUAGE_STANDARD = "gnu++20";
				CLANG_ENABLE_MODULES = YES;
				CLANG_ENABLE_OBJC_ARC = YES;
				CLANG_ENABLE_OBJC_WEAK = YES;
				CLANG_WARN_BLOCK_CAPTURE_AUTORELEASING = YES;
				CLANG_WARN_BOOL_CONVERSION = YES;
				CLANG_WARN_COMMA = YES;
				CLANG_WARN_CONSTANT_CONVERSION = YES;
				CLANG_WARN_DEPRECATED_OBJC_IMPLEMENTATIONS = YES;
				CLANG_WARN_DIRECT_OBJC_ISA_USAGE = YES_ERROR;
				CLANG_WARN_DOCUMENTATION_COMMENTS = YES;
				CLANG_WARN_EMPTY_BODY = YES;
				CLANG_WARN_ENUM_CONVERSION = YES;
				CLANG_WARN_INFINITE_RECURSION = YES;
				CLANG_WARN_INT_CONVERSION = YES;
				CLANG_WARN_NON_LITERAL_NULL_CONVERSION = YES;
				CLANG_WARN_OBJC_IMPLICIT_RETAIN_SELF = YES;
				CLANG_WARN_OBJC_LITERAL_CONVERSION = YES;
				CLANG_WARN_OBJC_ROOT_CLASS = YES_ERROR;
				CLANG_WARN_QUOTED_INCLUDE_IN_FRAMEWORK_HEADER = YES;
				CLANG_WARN_RANGE_LOOP_ANALYSIS = YES;
				CLANG_WARN_STRICT_PROTOTYPES = YES;
				CLANG_WARN_SUSPICIOUS_MOVE = YES;
				CLANG_WARN_UNGUARDED_AVAILABILITY = YES_AGGRESSIVE;
				CLANG_WARN_UNREACHABLE_CODE = YES;
				CLANG_WARN__DUPLICATE_METHOD_MATCH = YES;
				COPY_PHASE_STRIP = NO;
				DEBUG_INFORMATION_FORMAT = dwarf;
				ENABLE_STRICT_OBJC_MSGSEND = YES;
				ENABLE_TESTABILITY = YES;
				GCC_C_LANGUAGE_STANDARD = gnu11;
				GCC_DYNAMIC_NO_PIC = NO;
				GCC_NO_COMMON_BLOCKS = YES;
				GCC_OPTIMIZATION_LEVEL = 0;
				GCC_PREPROCESSOR_DEFINITIONS = (
					"DEBUG=1",
					"$(inherited)",
				);
				GCC_WARN_64_TO_32_BIT_CONVERSION = YES;
				GCC_WARN_ABOUT_RETURN_TYPE = YES_ERROR;
				GCC_WARN_UNDECLARED_SELECTOR = YES;
				GCC_WARN_UNINITIALIZED_AUTOS = YES_AGGRESSIVE;
				GCC_WARN_UNUSED_FUNCTION = YES;
				GCC_WARN_UNUSED_VARIABLE = YES;
				IPHONEOS_DEPLOYMENT_TARGET = 16.2;
				MTL_ENABLE_DEBUG_INFO = INCLUDE_SOURCE;
				MTL_FAST_MATH = YES;
				ONLY_ACTIVE_ARCH = YES;
				SDKROOT = iphoneos;
				SWIFT_ACTIVE_COMPILATION_CONDITIONS = DEBUG;
				SWIFT_OPTIMIZATION_LEVEL = "-Onone";
			};
			name = Debug;
		};
		37006E3729943F5E003CB867 /* Release */ = {
			isa = XCBuildConfiguration;
			buildSettings = {
				ALWAYS_SEARCH_USER_PATHS = NO;
				CLANG_ANALYZER_NONNULL = YES;
				CLANG_ANALYZER_NUMBER_OBJECT_CONVERSION = YES_AGGRESSIVE;
				CLANG_CXX_LANGUAGE_STANDARD = "gnu++20";
				CLANG_ENABLE_MODULES = YES;
				CLANG_ENABLE_OBJC_ARC = YES;
				CLANG_ENABLE_OBJC_WEAK = YES;
				CLANG_WARN_BLOCK_CAPTURE_AUTORELEASING = YES;
				CLANG_WARN_BOOL_CONVERSION = YES;
				CLANG_WARN_COMMA = YES;
				CLANG_WARN_CONSTANT_CONVERSION = YES;
				CLANG_WARN_DEPRECATED_OBJC_IMPLEMENTATIONS = YES;
				CLANG_WARN_DIRECT_OBJC_ISA_USAGE = YES_ERROR;
				CLANG_WARN_DOCUMENTATION_COMMENTS = YES;
				CLANG_WARN_EMPTY_BODY = YES;
				CLANG_WARN_ENUM_CONVERSION = YES;
				CLANG_WARN_INFINITE_RECURSION = YES;
				CLANG_WARN_INT_CONVERSION = YES;
				CLANG_WARN_NON_LITERAL_NULL_CONVERSION = YES;
				CLANG_WARN_OBJC_IMPLICIT_RETAIN_SELF = YES;
				CLANG_WARN_OBJC_LITERAL_CONVERSION = YES;
				CLANG_WARN_OBJC_ROOT_CLASS = YES_ERROR;
				CLANG_WARN_QUOTED_INCLUDE_IN_FRAMEWORK_HEADER = YES;
				CLANG_WARN_RANGE_LOOP_ANALYSIS = YES;
				CLANG_WARN_STRICT_PROTOTYPES = YES;
				CLANG_WARN_SUSPICIOUS_MOVE = YES;
				CLANG_WARN_UNGUARDED_AVAILABILITY = YES_AGGRESSIVE;
				CLANG_WARN_UNREACHABLE_CODE = YES;
				CLANG_WARN__DUPLICATE_METHOD_MATCH = YES;
				COPY_PHASE_STRIP = NO;
				DEBUG_INFORMATION_FORMAT = "dwarf-with-dsym";
				ENABLE_NS_ASSERTIONS = NO;
				ENABLE_STRICT_OBJC_MSGSEND = YES;
				GCC_C_LANGUAGE_STANDARD = gnu11;
				GCC_NO_COMMON_BLOCKS = YES;
				GCC_WARN_64_TO_32_BIT_CONVERSION = YES;
				GCC_WARN_ABOUT_RETURN_TYPE = YES_ERROR;
				GCC_WARN_UNDECLARED_SELECTOR = YES;
				GCC_WARN_UNINITIALIZED_AUTOS = YES_AGGRESSIVE;
				GCC_WARN_UNUSED_FUNCTION = YES;
				GCC_WARN_UNUSED_VARIABLE = YES;
				IPHONEOS_DEPLOYMENT_TARGET = 16.2;
				MTL_ENABLE_DEBUG_INFO = NO;
				MTL_FAST_MATH = YES;
				SDKROOT = iphoneos;
				SWIFT_COMPILATION_MODE = wholemodule;
				SWIFT_OPTIMIZATION_LEVEL = "-O";
				VALIDATE_PRODUCT = YES;
			};
			name = Release;
		};
		37006E3929943F5E003CB867 /* Debug */ = {
			isa = XCBuildConfiguration;
			buildSettings = {
				ASSETCATALOG_COMPILER_APPICON_NAME = AppIcon;
				ASSETCATALOG_COMPILER_GLOBAL_ACCENT_COLOR_NAME = AccentColor;
				CODE_SIGN_STYLE = Automatic;
				CURRENT_PROJECT_VERSION = 1;
				DEVELOPMENT_TEAM = GPBJV9Q76X;
				GENERATE_INFOPLIST_FILE = YES;
				INFOPLIST_FILE = YoutubeMVVM/Info.plist;
				INFOPLIST_KEY_UIApplicationSupportsIndirectInputEvents = YES;
				INFOPLIST_KEY_UILaunchStoryboardName = LaunchScreen;
				INFOPLIST_KEY_UIMainStoryboardFile = Main;
				INFOPLIST_KEY_UISupportedInterfaceOrientations_iPad = "UIInterfaceOrientationPortrait UIInterfaceOrientationPortraitUpsideDown UIInterfaceOrientationLandscapeLeft UIInterfaceOrientationLandscapeRight";
				INFOPLIST_KEY_UISupportedInterfaceOrientations_iPhone = "UIInterfaceOrientationPortrait UIInterfaceOrientationLandscapeLeft UIInterfaceOrientationLandscapeRight";
				LD_RUNPATH_SEARCH_PATHS = (
					"$(inherited)",
					"@executable_path/Frameworks",
				);
				MARKETING_VERSION = 1.0;
				PRODUCT_BUNDLE_IDENTIFIER = com.sarathpariyarath.YoutubeMVVM;
				PRODUCT_NAME = "$(TARGET_NAME)";
				SWIFT_EMIT_LOC_STRINGS = YES;
				SWIFT_VERSION = 5.0;
				TARGETED_DEVICE_FAMILY = "1,2";
			};
			name = Debug;
		};
		37006E3A29943F5E003CB867 /* Release */ = {
			isa = XCBuildConfiguration;
			buildSettings = {
				ASSETCATALOG_COMPILER_APPICON_NAME = AppIcon;
				ASSETCATALOG_COMPILER_GLOBAL_ACCENT_COLOR_NAME = AccentColor;
				CODE_SIGN_STYLE = Automatic;
				CURRENT_PROJECT_VERSION = 1;
				DEVELOPMENT_TEAM = GPBJV9Q76X;
				GENERATE_INFOPLIST_FILE = YES;
				INFOPLIST_FILE = YoutubeMVVM/Info.plist;
				INFOPLIST_KEY_UIApplicationSupportsIndirectInputEvents = YES;
				INFOPLIST_KEY_UILaunchStoryboardName = LaunchScreen;
				INFOPLIST_KEY_UIMainStoryboardFile = Main;
				INFOPLIST_KEY_UISupportedInterfaceOrientations_iPad = "UIInterfaceOrientationPortrait UIInterfaceOrientationPortraitUpsideDown UIInterfaceOrientationLandscapeLeft UIInterfaceOrientationLandscapeRight";
				INFOPLIST_KEY_UISupportedInterfaceOrientations_iPhone = "UIInterfaceOrientationPortrait UIInterfaceOrientationLandscapeLeft UIInterfaceOrientationLandscapeRight";
				LD_RUNPATH_SEARCH_PATHS = (
					"$(inherited)",
					"@executable_path/Frameworks",
				);
				MARKETING_VERSION = 1.0;
				PRODUCT_BUNDLE_IDENTIFIER = com.sarathpariyarath.YoutubeMVVM;
				PRODUCT_NAME = "$(TARGET_NAME)";
				SWIFT_EMIT_LOC_STRINGS = YES;
				SWIFT_VERSION = 5.0;
				TARGETED_DEVICE_FAMILY = "1,2";
			};
			name = Release;
		};
/* End XCBuildConfiguration section */

/* Begin XCConfigurationList section */
		37006E1F29943F5C003CB867 /* Build configuration list for PBXProject "YoutubeMVVM" */ = {
			isa = XCConfigurationList;
			buildConfigurations = (
				37006E3629943F5E003CB867 /* Debug */,
				37006E3729943F5E003CB867 /* Release */,
			);
			defaultConfigurationIsVisible = 0;
			defaultConfigurationName = Release;
		};
		37006E3829943F5E003CB867 /* Build configuration list for PBXNativeTarget "YoutubeMVVM" */ = {
			isa = XCConfigurationList;
			buildConfigurations = (
				37006E3929943F5E003CB867 /* Debug */,
				37006E3A29943F5E003CB867 /* Release */,
			);
			defaultConfigurationIsVisible = 0;
			defaultConfigurationName = Release;
		};
/* End XCConfigurationList section */

/* Begin XCRemoteSwiftPackageReference section */
		3779A34F29A00BBE0074D959 /* XCRemoteSwiftPackageReference "Kingfisher" */ = {
			isa = XCRemoteSwiftPackageReference;
			repositoryURL = "https://github.com/onevcat/Kingfisher.git";
			requirement = {
				kind = upToNextMajorVersion;
				minimumVersion = 7.0.0;
			};
		};
/* End XCRemoteSwiftPackageReference section */

/* Begin XCSwiftPackageProductDependency section */
		3779A35029A00BBE0074D959 /* Kingfisher */ = {
			isa = XCSwiftPackageProductDependency;
			package = 3779A34F29A00BBE0074D959 /* XCRemoteSwiftPackageReference "Kingfisher" */;
			productName = Kingfisher;
		};
/* End XCSwiftPackageProductDependency section */
	};
	rootObject = 37006E1C29943F5C003CB867 /* Project object */;
}
